
Microsoft Visual Studio Solution File, Format Version 12.00
# Visual Studio 14
VisualStudioVersion = 14.0.23107.0
MinimumVisualStudioVersion = 10.0.40219.1
Project("{FAE04EC0-301F-11D3-BF4B-00C04F79EFBC}") = "ConsoleExtensions", "ConsoleExtensions\ConsoleExtensions.csproj", "{EC1E9831-358B-49AA-964A-9B7E9631E4FA}"
EndProject
Project("{FAE04EC0-301F-11D3-BF4B-00C04F79EFBC}") = "ConsoleSample", "ConsoleSample\ConsoleSample.csproj", "{72FE5F67-B3E4-4EAD-949E-5082E6F2AD1A}"
EndProject
Global
	GlobalSection(SolutionConfigurationPlatforms) = preSolution
		Debug|Any CPU = Debug|Any CPU
		Release|Any CPU = Release|Any CPU
	EndGlobalSection
	GlobalSection(ProjectConfigurationPlatforms) = postSolution
		{EC1E9831-358B-49AA-964A-9B7E9631E4FA}.Debug|Any CPU.ActiveCfg = Debug|Any CPU
		{EC1E9831-358B-49AA-964A-9B7E9631E4FA}.Debug|Any CPU.Build.0 = Debug|Any CPU
		{EC1E9831-358B-49AA-964A-9B7E9631E4FA}.Release|Any CPU.ActiveCfg = Release|Any CPU
		{EC1E9831-358B-49AA-964A-9B7E9631E4FA}.Release|Any CPU.Build.0 = Release|Any CPU
		{72FE5F67-B3E4-4EAD-949E-5082E6F2AD1A}.Debug|Any CPU.ActiveCfg = Debug|Any CPU
		{72FE5F67-B3E4-4EAD-949E-5082E6F2AD1A}.Debug|Any CPU.Build.0 = Debug|Any CPU
		{72FE5F67-B3E4-4EAD-949E-5082E6F2AD1A}.Release|Any CPU.ActiveCfg = Release|Any CPU
		{72FE5F67-B3E4-4EAD-949E-5082E6F2AD1A}.Release|Any CPU.Build.0 = Release|Any CPU
	EndGlobalSection
	GlobalSection(SolutionProperties) = preSolution
		HideSolutionNode = FALSE
	EndGlobalSection
EndGlobal
